
Microsoft Visual Studio Solution File, Format Version 12.00
# Visual Studio Version 16
VisualStudioVersion = 16.0.29613.14
MinimumVisualStudioVersion = 10.0.40219.1
Project("{F184B08F-C81C-45F6-A57F-5ABD9991F28F}") = "recursive_toplama", "recursive_toplama\recursive_toplama.vbproj", "{B57BE633-D5E6-444E-AC72-56670DF1CA8B}"
EndProject
Global
	GlobalSection(SolutionConfigurationPlatforms) = preSolution
		Debug|Any CPU = Debug|Any CPU
		Release|Any CPU = Release|Any CPU
	EndGlobalSection
	GlobalSection(ProjectConfigurationPlatforms) = postSolution
		{B57BE633-D5E6-444E-AC72-56670DF1CA8B}.Debug|Any CPU.ActiveCfg = Debug|Any CPU
		{B57BE633-D5E6-444E-AC72-56670DF1CA8B}.Debug|Any CPU.Build.0 = Debug|Any CPU
		{B57BE633-D5E6-444E-AC72-56670DF1CA8B}.Release|Any CPU.ActiveCfg = Release|Any CPU
		{B57BE633-D5E6-444E-AC72-56670DF1CA8B}.Release|Any CPU.Build.0 = Release|Any CPU
	EndGlobalSection
	GlobalSection(SolutionProperties) = preSolution
		HideSolutionNode = FALSE
	EndGlobalSection
	GlobalSection(ExtensibilityGlobals) = postSolution
		SolutionGuid = {F28595D0-0068-49F6-846F-87F43E59C75C}
	EndGlobalSection
EndGlobal
